<?xml version="1.0" encoding="UTF-8" standalone="yes" ?>
<CodeBlocks_project_file>
	<FileVersion major="1" minor="6" />
	<Project>
		<Option title="BridgeCommand" />
		<Option pch_mode="2" />
		<Option compiler="gcc" />
		<Build>
			<Target title="default">
				<Option output="BridgeCommand" prefix_auto="1" extension_auto="1" />
				<Option type="1" />
				<Option compiler="gcc" />
			</Target>
		</Build>
		<Compiler>
			<Add directory="./libs/Irrlicht/irrlicht-1.8.1/include" />
			<Add directory="./libs/enet/enet-1.3.11/include" />
		</Compiler>
		<Linker>
			<Add option="./libs/Irrlicht/irrlicht-1.8.1/lib/Win32-gcc/libIrrlicht.a" />
			<Add library=".\libs\enet\enet-1.3.11\bin\Release\libenet.a" />
		</Linker>
		<Unit filename="Angles.cpp" />
		<Unit filename="Angles.hpp" />
		<Unit filename="Buoy.cpp" />
		<Unit filename="Buoy.hpp" />
		<Unit filename="Buoys.cpp" />
		<Unit filename="Buoys.hpp" />
		<Unit filename="Camera.cpp" />
		<Unit filename="Camera.hpp" />
		<Unit filename="Constants.hpp" />
		<Unit filename="GUIMain.cpp" />
		<Unit filename="GUIMain.hpp" />
		<Unit filename="IniFile.cpp" />
		<Unit filename="IniFile.hpp" />
		<Unit filename="LandLights.cpp" />
		<Unit filename="LandLights.hpp" />
		<Unit filename="LandObject.cpp" />
		<Unit filename="LandObject.hpp" />
		<Unit filename="LandObjects.cpp" />
		<Unit filename="LandObjects.hpp" />
		<Unit filename="Lang.cpp" />
		<Unit filename="Lang.hpp" />
		<Unit filename="Leg.hpp" />
		<Unit filename="Light.cpp" />
		<Unit filename="Light.hpp" />
		<Unit filename="MyEventReceiver.cpp" />
		<Unit filename="MyEventReceiver.hpp" />
		<Unit filename="NavLight.cpp" />
		<Unit filename="NavLight.hpp" />
		<Unit filename="Network.cpp" />
		<Unit filename="Network.hpp" />
		<Unit filename="OtherShip.cpp" />
		<Unit filename="OtherShip.hpp" />
		<Unit filename="OtherShips.cpp" />
		<Unit filename="OtherShips.hpp" />
		<Unit filename="OwnShip.cpp" />
		<Unit filename="OwnShip.hpp" />
		<Unit filename="RadarCalculation.cpp" />
		<Unit filename="RadarCalculation.hpp" />
		<Unit filename="RadarData.hpp" />
		<Unit filename="RadarScreen.cpp" />
		<Unit filename="RadarScreen.hpp" />
		<Unit filename="ScenarioChoice.cpp" />
		<Unit filename="ScenarioChoice.hpp" />
		<Unit filename="Ship.cpp" />
		<Unit filename="Ship.hpp" />
		<Unit filename="SimulationModel.cpp" />
		<Unit filename="SimulationModel.hpp" />
		<Unit filename="Sky.cpp" />
		<Unit filename="Sky.hpp" />
		<Unit filename="StartupEventReceiver.cpp" />
		<Unit filename="StartupEventReceiver.hpp" />
		<Unit filename="Terrain.cpp" />
		<Unit filename="Terrain.hpp" />
		<Unit filename="Tide.cpp" />
		<Unit filename="Tide.hpp" />
		<Unit filename="Utilities.cpp" />
		<Unit filename="Utilities.hpp" />
		<Unit filename="Water.cpp" />
		<Unit filename="Water.hpp" />
		<Unit filename="main.cpp" />
		<Extensions>
			<code_completion />
			<envvars />
			<debugger />
			<lib_finder disable_auto="1" />
		</Extensions>
	</Project>
</CodeBlocks_project_file>
