<?xml version="1.0" encoding="UTF-8" standalone="yes" ?>
<CodeBlocks_project_file>
	<FileVersion major="1" minor="6" />
	<Project>
		<Option title="BridgeCommand" />
		<Option pch_mode="2" />
		<Option compiler="gcc" />
		<Build>
			<Target title="default">
				<Option output="BridgeCommand" prefix_auto="1" extension_auto="1" />
				<Option type="1" />
				<Option compiler="gcc" />
			</Target>
		</Build>
		<Compiler>
			<Add directory="C:/Users/James/Documents/Programming/Irrlicht/irrlicht-1.8.1/include" />
			<Add directory="C:/Users/James/Documents/Programming/enet/enet-1.3.11/include" />
			<Add directory="C:/Users/James/Documents/Programming/Boost/boost_1_55_0" />
		</Compiler>
		<Linker>
			<Add option="C:/Users/James/Documents/Programming/Irrlicht/irrlicht-1.8.1/lib/Win32-gcc/libIrrlicht.a" />
			<Add library="C:\Users\James\Documents\Programming\enet\enet-1.3.11\bin\Release\libenet.a" />
		</Linker>
		<Unit filename="Buoy.cpp" />
		<Unit filename="Buoy.hpp" />
		<Unit filename="Camera.cpp" />
		<Unit filename="Camera.hpp" />
		<Unit filename="GUIMain.cpp" />
		<Unit filename="GUIMain.hpp" />
		<Unit filename="IniFile.cpp" />
		<Unit filename="IniFile.hpp" />
		<Unit filename="MyEventReceiver.cpp" />
		<Unit filename="MyEventReceiver.hpp" />
		<Unit filename="Network.cpp" />
		<Unit filename="Network.hpp" />
		<Unit filename="OwnShip.cpp" />
		<Unit filename="OwnShip.hpp" />
		<Unit filename="SimulationModel.cpp" />
		<Unit filename="SimulationModel.hpp" />
		<Unit filename="Sky.cpp" />
		<Unit filename="Sky.hpp" />
		<Unit filename="Terrain.cpp" />
		<Unit filename="Terrain.hpp" />
		<Unit filename="Water.cpp" />
		<Unit filename="Water.hpp" />
		<Unit filename="main.cpp" />
		<Extensions>
			<code_completion />
			<envvars />
			<debugger />
			<lib_finder disable_auto="1" />
		</Extensions>
	</Project>
</CodeBlocks_project_file>
