<?xml version="1.0" encoding="UTF-8" standalone="yes" ?>
<CodeBlocks_project_file>
	<FileVersion major="1" minor="6" />
	<Project>
		<Option title="BridgeCommand" />
		<Option pch_mode="2" />
		<Option compiler="gcc" />
		<Build>
			<Target title="Windows">
				<Option output="bridgecommand-bc" prefix_auto="1" extension_auto="1" />
				<Option type="1" />
				<Option compiler="gcc" />
				<Linker>
					<Add option="./libs/Irrlicht/irrlicht-1.8.4/lib/Win32-gcc/libIrrlicht.a" />
					<Add library="ws2_32" />
					<Add library="Winmm" />
				</Linker>
			</Target>
			<Target title="Linux">
				<Option output="bridgecommand-bc" prefix_auto="1" extension_auto="1" />
				<Option type="1" />
				<Option compiler="gcc" />
				<Linker>
					<Add option="-L./libs/Irrlicht/irrlicht-1.8.4/lib/Linux" />
					<Add library="Irrlicht" />
					<Add library="GL" />
					<Add library="Xxf86vm" />
					<Add library="Xext" />
					<Add library="X11" />
					<Add library="Xcursor" />
				</Linker>
			</Target>
		</Build>
		<Compiler>
			<Add option="-Wall" />
			<Add option="-std=c++11" />
			<Add directory="./libs/Irrlicht/irrlicht-1.8.4/include" />
		</Compiler>
		<Unit filename="Angles.cpp" />
		<Unit filename="Angles.hpp" />
		<Unit filename="Buoy.cpp" />
		<Unit filename="Buoy.hpp" />
		<Unit filename="Buoys.cpp" />
		<Unit filename="Buoys.hpp" />
		<Unit filename="Camera.cpp" />
		<Unit filename="Camera.hpp" />
		<Unit filename="Constants.hpp" />
		<Unit filename="DefaultEventReceiver.cpp" />
		<Unit filename="DefaultEventReceiver.hpp" />
		<Unit filename="GUIMain.cpp" />
		<Unit filename="GUIMain.hpp" />
		<Unit filename="GUIRectangle.cpp" />
		<Unit filename="GUIRectangle.hpp" />
		<Unit filename="HeadingIndicator.cpp" />
		<Unit filename="HeadingIndicator.h" />
		<Unit filename="IniFile.cpp" />
		<Unit filename="IniFile.hpp" />
		<Unit filename="LandLights.cpp" />
		<Unit filename="LandLights.hpp" />
		<Unit filename="LandObject.cpp" />
		<Unit filename="LandObject.hpp" />
		<Unit filename="LandObjects.cpp" />
		<Unit filename="LandObjects.hpp" />
		<Unit filename="Lang.cpp" />
		<Unit filename="Lang.hpp" />
		<Unit filename="Leg.hpp" />
		<Unit filename="Light.cpp" />
		<Unit filename="Light.hpp" />
		<Unit filename="MergeToolSocket.cpp" />
		<Unit filename="MergeToolSocket.hpp" />
		<Unit filename="MyEventReceiver.cpp" />
		<Unit filename="MyEventReceiver.hpp" />
		<Unit filename="NMEA.cpp" />
		<Unit filename="NMEA.hpp" />
		<Unit filename="NavLight.cpp" />
		<Unit filename="NavLight.hpp" />
		<Unit filename="Network.cpp" />
		<Unit filename="Network.hpp" />
		<Unit filename="NetworkPrimary.cpp" />
		<Unit filename="NetworkPrimary.hpp" />
		<Unit filename="NetworkSecondary.cpp" />
		<Unit filename="NetworkSecondary.hpp" />
		<Unit filename="NumberToImage.cpp" />
		<Unit filename="NumberToImage.hpp" />
		<Unit filename="OperatingModeEnum.hpp" />
		<Unit filename="OtherShip.cpp" />
		<Unit filename="OtherShip.hpp" />
		<Unit filename="OtherShips.cpp" />
		<Unit filename="OtherShips.hpp" />
		<Unit filename="OutlineScrollBar.cpp" />
		<Unit filename="OutlineScrollBar.h" />
		<Unit filename="OwnShip.cpp" />
		<Unit filename="OwnShip.hpp" />
		<Unit filename="RadarCalculation.cpp" />
		<Unit filename="RadarCalculation.hpp" />
		<Unit filename="RadarData.hpp" />
		<Unit filename="RadarScreen.cpp" />
		<Unit filename="RadarScreen.hpp" />
		<Unit filename="Rain.cpp" />
		<Unit filename="Rain.hpp" />
		<Unit filename="RealisticWater.cpp" />
		<Unit filename="RealisticWater.h" />
		<Unit filename="ScenarioChoice.cpp" />
		<Unit filename="ScenarioChoice.hpp" />
		<Unit filename="ScenarioDataStructure.cpp" />
		<Unit filename="ScenarioDataStructure.hpp" />
		<Unit filename="ScrollDial.cpp" />
		<Unit filename="ScrollDial.h" />
		<Unit filename="Ship.cpp" />
		<Unit filename="Ship.hpp" />
		<Unit filename="SimulationModel.cpp" />
		<Unit filename="SimulationModel.hpp" />
		<Unit filename="Sky.cpp" />
		<Unit filename="Sky.hpp" />
		<Unit filename="StartupEventReceiver.cpp" />
		<Unit filename="StartupEventReceiver.hpp" />
		<Unit filename="Terrain.cpp" />
		<Unit filename="Terrain.hpp" />
		<Unit filename="Tide.cpp" />
		<Unit filename="Tide.hpp" />
		<Unit filename="Utilities.cpp" />
		<Unit filename="Utilities.hpp" />
		<Unit filename="VirtualHandles.cpp" />
		<Unit filename="VirtualHandles.hpp" />
		<Unit filename="Water.cpp" />
		<Unit filename="Water.hpp" />
		<Unit filename="icon.rc">
			<Option compilerVar="WINDRES" />
			<Option target="Windows" />
		</Unit>
		<Unit filename="json.hpp" />
		<Unit filename="libs/enet/callbacks.c">
			<Option compilerVar="CC" />
		</Unit>
		<Unit filename="libs/enet/callbacks.h" />
		<Unit filename="libs/enet/compress.c">
			<Option compilerVar="CC" />
		</Unit>
		<Unit filename="libs/enet/enet.h" />
		<Unit filename="libs/enet/host.c">
			<Option compilerVar="CC" />
		</Unit>
		<Unit filename="libs/enet/list.c">
			<Option compilerVar="CC" />
		</Unit>
		<Unit filename="libs/enet/list.h" />
		<Unit filename="libs/enet/packet.c">
			<Option compilerVar="CC" />
		</Unit>
		<Unit filename="libs/enet/peer.c">
			<Option compilerVar="CC" />
		</Unit>
		<Unit filename="libs/enet/protocol.c">
			<Option compilerVar="CC" />
		</Unit>
		<Unit filename="libs/enet/protocol.h" />
		<Unit filename="libs/enet/time.h" />
		<Unit filename="libs/enet/types.h" />
		<Unit filename="libs/enet/unix.c">
			<Option compilerVar="CC" />
		</Unit>
		<Unit filename="libs/enet/unix.h" />
		<Unit filename="libs/enet/utility.h" />
		<Unit filename="libs/enet/win32.c">
			<Option compilerVar="CC" />
		</Unit>
		<Unit filename="libs/enet/win32.h" />
		<Unit filename="libs/serial/impl/unix.h" />
		<Unit filename="libs/serial/impl/win.h" />
		<Unit filename="libs/serial/serial.h" />
		<Unit filename="libs/serial/src/impl/list_ports/list_ports_linux.cc" />
		<Unit filename="libs/serial/src/impl/list_ports/list_ports_osx.cc" />
		<Unit filename="libs/serial/src/impl/list_ports/list_ports_win.cc" />
		<Unit filename="libs/serial/src/impl/unix.cc" />
		<Unit filename="libs/serial/src/impl/win.cc" />
		<Unit filename="libs/serial/src/serial.cc" />
		<Unit filename="libs/serial/v8stdint.h" />
		<Unit filename="libs/socket.io-client-cpp/src/internal/sio_client_impl.cpp" />
		<Unit filename="libs/socket.io-client-cpp/src/internal/sio_client_impl.h" />
		<Unit filename="libs/socket.io-client-cpp/src/internal/sio_packet.cpp" />
		<Unit filename="libs/socket.io-client-cpp/src/internal/sio_packet.h" />
		<Unit filename="libs/socket.io-client-cpp/src/sio_client.cpp" />
		<Unit filename="libs/socket.io-client-cpp/src/sio_client.h" />
		<Unit filename="libs/socket.io-client-cpp/src/sio_message.h" />
		<Unit filename="libs/socket.io-client-cpp/src/sio_socket.cpp" />
		<Unit filename="libs/socket.io-client-cpp/src/sio_socket.h" />
		<Unit filename="main.cpp" />
		<Unit filename="shaders/Water_ps.glsl" />
		<Unit filename="shaders/Water_vs.glsl" />
		<Extensions>
			<code_completion />
			<envvars />
			<debugger />
			<lib_finder disable_auto="1" />
		</Extensions>
	</Project>
</CodeBlocks_project_file>
