<?xml version="1.0" encoding="utf-8"?>
<Project ToolsVersion="4.0" xmlns="http://schemas.microsoft.com/developer/msbuild/2003">
  <ItemGroup>
    <Filter Include="Source Files">
      <UniqueIdentifier>{4FC737F1-C7A5-4376-A066-2A32D752A2FF}</UniqueIdentifier>
      <Extensions>cpp;c;cc;cxx;def;odl;idl;hpj;bat;asm;asmx</Extensions>
    </Filter>
    <Filter Include="Header Files">
      <UniqueIdentifier>{93995380-89BD-4b04-88EB-625FBE52EBFB}</UniqueIdentifier>
      <Extensions>h;hh;hpp;hxx;hm;inl;inc;xsd</Extensions>
    </Filter>
    <Filter Include="Resource Files">
      <UniqueIdentifier>{67DA6AB6-F800-4c08-8B7A-83BB121AAD01}</UniqueIdentifier>
      <Extensions>rc;ico;cur;bmp;dlg;rc2;rct;bin;rgs;gif;jpg;jpeg;jpe;resx;tiff;tif;png;wav;mfcribbon-ms</Extensions>
    </Filter>
  </ItemGroup>
  <ItemGroup>
    <ClCompile Include="..\Angles.cpp">
      <Filter>Source Files</Filter>
    </ClCompile>
    <ClCompile Include="..\Buoy.cpp">
      <Filter>Source Files</Filter>
    </ClCompile>
    <ClCompile Include="..\Buoys.cpp">
      <Filter>Source Files</Filter>
    </ClCompile>
    <ClCompile Include="..\Camera.cpp">
      <Filter>Source Files</Filter>
    </ClCompile>
    <ClCompile Include="..\DefaultEventReceiver.cpp">
      <Filter>Source Files</Filter>
    </ClCompile>
    <ClCompile Include="..\FFTWave.cpp">
      <Filter>Source Files</Filter>
    </ClCompile>
    <ClCompile Include="..\GUIMain.cpp">
      <Filter>Source Files</Filter>
    </ClCompile>
    <ClCompile Include="..\GUIRectangle.cpp">
      <Filter>Source Files</Filter>
    </ClCompile>
    <ClCompile Include="..\HeadingIndicator.cpp">
      <Filter>Source Files</Filter>
    </ClCompile>
    <ClCompile Include="..\IniFile.cpp">
      <Filter>Source Files</Filter>
    </ClCompile>
    <ClCompile Include="..\LandLights.cpp">
      <Filter>Source Files</Filter>
    </ClCompile>
    <ClCompile Include="..\LandObject.cpp">
      <Filter>Source Files</Filter>
    </ClCompile>
    <ClCompile Include="..\LandObjects.cpp">
      <Filter>Source Files</Filter>
    </ClCompile>
    <ClCompile Include="..\Lang.cpp">
      <Filter>Source Files</Filter>
    </ClCompile>
    <ClCompile Include="..\Light.cpp">
      <Filter>Source Files</Filter>
    </ClCompile>
    <ClCompile Include="..\main.cpp">
      <Filter>Source Files</Filter>
    </ClCompile>
    <ClCompile Include="..\ManOverboard.cpp">
      <Filter>Source Files</Filter>
    </ClCompile>
    <ClCompile Include="..\MovingWater.cpp">
      <Filter>Source Files</Filter>
    </ClCompile>
    <ClCompile Include="..\MyEventReceiver.cpp">
      <Filter>Source Files</Filter>
    </ClCompile>
    <ClCompile Include="..\NavLight.cpp">
      <Filter>Source Files</Filter>
    </ClCompile>
    <ClCompile Include="..\Network.cpp">
      <Filter>Source Files</Filter>
    </ClCompile>
    <ClCompile Include="..\NetworkPrimary.cpp">
      <Filter>Source Files</Filter>
    </ClCompile>
    <ClCompile Include="..\NetworkSecondary.cpp">
      <Filter>Source Files</Filter>
    </ClCompile>
    <ClCompile Include="..\NMEA.cpp">
      <Filter>Source Files</Filter>
    </ClCompile>
    <ClCompile Include="..\NumberToImage.cpp">
      <Filter>Source Files</Filter>
    </ClCompile>
    <ClCompile Include="..\OtherShip.cpp">
      <Filter>Source Files</Filter>
    </ClCompile>
    <ClCompile Include="..\OtherShips.cpp">
      <Filter>Source Files</Filter>
    </ClCompile>
    <ClCompile Include="..\OutlineScrollBar.cpp">
      <Filter>Source Files</Filter>
    </ClCompile>
    <ClCompile Include="..\OwnShip.cpp">
      <Filter>Source Files</Filter>
    </ClCompile>
    <ClCompile Include="..\RadarCalculation.cpp">
      <Filter>Source Files</Filter>
    </ClCompile>
    <ClCompile Include="..\RadarScreen.cpp">
      <Filter>Source Files</Filter>
    </ClCompile>
    <ClCompile Include="..\Rain.cpp">
      <Filter>Source Files</Filter>
    </ClCompile>
    <ClCompile Include="..\ScenarioChoice.cpp">
      <Filter>Source Files</Filter>
    </ClCompile>
    <ClCompile Include="..\ScenarioDataStructure.cpp">
      <Filter>Source Files</Filter>
    </ClCompile>
    <ClCompile Include="..\ScrollDial.cpp">
      <Filter>Source Files</Filter>
    </ClCompile>
    <ClCompile Include="..\Ship.cpp">
      <Filter>Source Files</Filter>
    </ClCompile>
    <ClCompile Include="..\SimulationModel.cpp">
      <Filter>Source Files</Filter>
    </ClCompile>
    <ClCompile Include="..\Sky.cpp">
      <Filter>Source Files</Filter>
    </ClCompile>
    <ClCompile Include="..\StartupEventReceiver.cpp">
      <Filter>Source Files</Filter>
    </ClCompile>
    <ClCompile Include="..\Terrain.cpp">
      <Filter>Source Files</Filter>
    </ClCompile>
    <ClCompile Include="..\Tide.cpp">
      <Filter>Source Files</Filter>
    </ClCompile>
    <ClCompile Include="..\Utilities.cpp">
      <Filter>Source Files</Filter>
    </ClCompile>
    <ClCompile Include="..\Water.cpp">
      <Filter>Source Files</Filter>
    </ClCompile>
    <ClCompile Include="..\libs\enet\callbacks.c">
      <Filter>Source Files</Filter>
    </ClCompile>
    <ClCompile Include="..\libs\enet\compress.c">
      <Filter>Source Files</Filter>
    </ClCompile>
    <ClCompile Include="..\libs\enet\host.c">
      <Filter>Source Files</Filter>
    </ClCompile>
    <ClCompile Include="..\libs\enet\list.c">
      <Filter>Source Files</Filter>
    </ClCompile>
    <ClCompile Include="..\libs\enet\packet.c">
      <Filter>Source Files</Filter>
    </ClCompile>
    <ClCompile Include="..\libs\enet\peer.c">
      <Filter>Source Files</Filter>
    </ClCompile>
    <ClCompile Include="..\libs\enet\protocol.c">
      <Filter>Source Files</Filter>
    </ClCompile>
    <ClCompile Include="..\libs\enet\unix.c">
      <Filter>Source Files</Filter>
    </ClCompile>
    <ClCompile Include="..\libs\enet\win32.c">
      <Filter>Source Files</Filter>
    </ClCompile>
    <ClCompile Include="..\libs\serial\src\serial.cc">
      <Filter>Source Files</Filter>
    </ClCompile>
    <ClCompile Include="..\libs\serial\src\impl\unix.cc">
      <Filter>Source Files</Filter>
    </ClCompile>
    <ClCompile Include="..\libs\serial\src\impl\win.cc">
      <Filter>Source Files</Filter>
    </ClCompile>
    <ClCompile Include="..\libs\serial\src\impl\list_ports\list_ports_linux.cc">
      <Filter>Source Files</Filter>
    </ClCompile>
    <ClCompile Include="..\libs\serial\src\impl\list_ports\list_ports_osx.cc">
      <Filter>Source Files</Filter>
    </ClCompile>
    <ClCompile Include="..\libs\serial\src\impl\list_ports\list_ports_win.cc">
      <Filter>Source Files</Filter>
    </ClCompile>
  </ItemGroup>
  <ItemGroup>
    <ClInclude Include="..\Angles.hpp">
      <Filter>Header Files</Filter>
    </ClInclude>
    <ClInclude Include="..\Buoy.hpp">
      <Filter>Header Files</Filter>
    </ClInclude>
    <ClInclude Include="..\Buoys.hpp">
      <Filter>Header Files</Filter>
    </ClInclude>
    <ClInclude Include="..\Camera.hpp">
      <Filter>Header Files</Filter>
    </ClInclude>
    <ClInclude Include="..\Constants.hpp">
      <Filter>Header Files</Filter>
    </ClInclude>
    <ClInclude Include="..\DefaultEventReceiver.hpp">
      <Filter>Header Files</Filter>
    </ClInclude>
    <ClInclude Include="..\FFTWave.hpp">
      <Filter>Header Files</Filter>
    </ClInclude>
    <ClInclude Include="..\GUIMain.hpp">
      <Filter>Header Files</Filter>
    </ClInclude>
    <ClInclude Include="..\GUIRectangle.hpp">
      <Filter>Header Files</Filter>
    </ClInclude>
    <ClInclude Include="..\HeadingIndicator.h">
      <Filter>Header Files</Filter>
    </ClInclude>
    <ClInclude Include="..\IniFile.hpp">
      <Filter>Header Files</Filter>
    </ClInclude>
    <ClInclude Include="..\LandLights.hpp">
      <Filter>Header Files</Filter>
    </ClInclude>
    <ClInclude Include="..\LandObject.hpp">
      <Filter>Header Files</Filter>
    </ClInclude>
    <ClInclude Include="..\LandObjects.hpp">
      <Filter>Header Files</Filter>
    </ClInclude>
    <ClInclude Include="..\Lang.hpp">
      <Filter>Header Files</Filter>
    </ClInclude>
    <ClInclude Include="..\Leg.hpp">
      <Filter>Header Files</Filter>
    </ClInclude>
    <ClInclude Include="..\Light.hpp">
      <Filter>Header Files</Filter>
    </ClInclude>
    <ClInclude Include="..\ManOverboard.hpp">
      <Filter>Header Files</Filter>
    </ClInclude>
    <ClInclude Include="..\MovingWater.hpp">
      <Filter>Header Files</Filter>
    </ClInclude>
    <ClInclude Include="..\MyEventReceiver.hpp">
      <Filter>Header Files</Filter>
    </ClInclude>
    <ClInclude Include="..\NavLight.hpp">
      <Filter>Header Files</Filter>
    </ClInclude>
    <ClInclude Include="..\Network.hpp">
      <Filter>Header Files</Filter>
    </ClInclude>
    <ClInclude Include="..\NetworkPrimary.hpp">
      <Filter>Header Files</Filter>
    </ClInclude>
    <ClInclude Include="..\NetworkSecondary.hpp">
      <Filter>Header Files</Filter>
    </ClInclude>
    <ClInclude Include="..\NMEA.hpp">
      <Filter>Header Files</Filter>
    </ClInclude>
    <ClInclude Include="..\NumberToImage.hpp">
      <Filter>Header Files</Filter>
    </ClInclude>
    <ClInclude Include="..\OperatingModeEnum.hpp">
      <Filter>Header Files</Filter>
    </ClInclude>
    <ClInclude Include="..\OtherShip.hpp">
      <Filter>Header Files</Filter>
    </ClInclude>
    <ClInclude Include="..\OtherShips.hpp">
      <Filter>Header Files</Filter>
    </ClInclude>
    <ClInclude Include="..\OutlineScrollBar.h">
      <Filter>Header Files</Filter>
    </ClInclude>
    <ClInclude Include="..\OwnShip.hpp">
      <Filter>Header Files</Filter>
    </ClInclude>
    <ClInclude Include="..\profile.hpp">
      <Filter>Header Files</Filter>
    </ClInclude>
    <ClInclude Include="..\RadarCalculation.hpp">
      <Filter>Header Files</Filter>
    </ClInclude>
    <ClInclude Include="..\RadarData.hpp">
      <Filter>Header Files</Filter>
    </ClInclude>
    <ClInclude Include="..\RadarScreen.hpp">
      <Filter>Header Files</Filter>
    </ClInclude>
    <ClInclude Include="..\Rain.hpp">
      <Filter>Header Files</Filter>
    </ClInclude>
    <ClInclude Include="..\ScenarioChoice.hpp">
      <Filter>Header Files</Filter>
    </ClInclude>
    <ClInclude Include="..\ScenarioDataStructure.hpp">
      <Filter>Header Files</Filter>
    </ClInclude>
    <ClInclude Include="..\ScrollDial.h">
      <Filter>Header Files</Filter>
    </ClInclude>
    <ClInclude Include="..\Ship.hpp">
      <Filter>Header Files</Filter>
    </ClInclude>
    <ClInclude Include="..\SimulationModel.hpp">
      <Filter>Header Files</Filter>
    </ClInclude>
    <ClInclude Include="..\Sky.hpp">
      <Filter>Header Files</Filter>
    </ClInclude>
    <ClInclude Include="..\StartupEventReceiver.hpp">
      <Filter>Header Files</Filter>
    </ClInclude>
    <ClInclude Include="..\Terrain.hpp">
      <Filter>Header Files</Filter>
    </ClInclude>
    <ClInclude Include="..\Tide.hpp">
      <Filter>Header Files</Filter>
    </ClInclude>
    <ClInclude Include="..\Utilities.hpp">
      <Filter>Header Files</Filter>
    </ClInclude>
    <ClInclude Include="..\Water.hpp">
      <Filter>Header Files</Filter>
    </ClInclude>
    <ClInclude Include="..\libs\enet\callbacks.h">
      <Filter>Header Files</Filter>
    </ClInclude>
    <ClInclude Include="..\libs\enet\enet.h">
      <Filter>Header Files</Filter>
    </ClInclude>
    <ClInclude Include="..\libs\enet\list.h">
      <Filter>Header Files</Filter>
    </ClInclude>
    <ClInclude Include="..\libs\enet\protocol.h">
      <Filter>Header Files</Filter>
    </ClInclude>
    <ClInclude Include="..\libs\enet\time.h">
      <Filter>Header Files</Filter>
    </ClInclude>
    <ClInclude Include="..\libs\enet\types.h">
      <Filter>Header Files</Filter>
    </ClInclude>
    <ClInclude Include="..\libs\enet\unix.h">
      <Filter>Header Files</Filter>
    </ClInclude>
    <ClInclude Include="..\libs\enet\utility.h">
      <Filter>Header Files</Filter>
    </ClInclude>
    <ClInclude Include="..\libs\enet\win32.h">
      <Filter>Header Files</Filter>
    </ClInclude>
  </ItemGroup>
  <ItemGroup>
    <ResourceCompile Include="..\icon.rc">
      <Filter>Resource Files</Filter>
    </ResourceCompile>
  </ItemGroup>
</Project>