<?xml version="1.0" encoding="UTF-8" standalone="yes" ?>
<CodeBlocks_project_file>
	<FileVersion major="1" minor="6" />
	<Project>
		<Option title="MultiplayerHub" />
		<Option pch_mode="2" />
		<Option compiler="gcc" />
		<Build>
			<Target title="Windows">
				<Option output="../../bin/bridgecommand-mh" prefix_auto="1" extension_auto="1" />
				<Option working_dir="../../bin" />
				<Option type="1" />
				<Option compiler="gcc" />
				<Linker>
					<Add option="../libs/Irrlicht/irrlicht-svn/lib/Win32-gcc/libIrrlicht.a" />
					<Add library="ws2_32" />
					<Add library="Winmm" />
					<Add library="enet" />
					<Add directory="../libs/enet-1.3.14/bin/Release" />
				</Linker>
				<ExtraCommands>
					<Add after="cmd /c cd ../../bin &amp; useMinGWdll.bat" />
					<Mode after="always" />
				</ExtraCommands>
			</Target>
			<Target title="Linux">
				<Option output="../../bin/bridgecommand-mh" prefix_auto="1" extension_auto="1" />
				<Option working_dir=".." />
				<Option type="1" />
				<Option compiler="gcc" />
				<Compiler>
					<Add option="-std=c++11" />
				</Compiler>
				<Linker>
					<Add option="-L../libs/Irrlicht/irrlicht-svn/lib/Linux" />
					<Add library="Irrlicht" />
					<Add library="GL" />
					<Add library="Xxf86vm" />
					<Add library="Xext" />
					<Add library="X11" />
					<Add library="Xcursor" />
				</Linker>
			</Target>
			<Target title="LinuxForDeb">
				<Option output="../../bin/bridgecommand-mh" prefix_auto="1" extension_auto="1" />
				<Option working_dir=".." />
				<Option type="1" />
				<Option compiler="gcc" />
				<Compiler>
					<Add option="-std=c++11" />
					<Add option="-DFOR_DEB" />
				</Compiler>
				<Linker>
					<Add option="-L../libs/Irrlicht/irrlicht-svn/lib/Linux" />
					<Add library="Irrlicht" />
					<Add library="GL" />
					<Add library="Xxf86vm" />
					<Add library="Xext" />
					<Add library="X11" />
					<Add library="Xcursor" />
				</Linker>
			</Target>
		</Build>
		<Compiler>
			<Add option="-Wall" />
			<Add option="-std=c++11" />
			<Add directory="../libs/Irrlicht/irrlicht-svn/include" />
			<Add directory="../libs/enet-1.3.14/include" />
		</Compiler>
		<Unit filename="../Constants.hpp" />
		<Unit filename="../IniFile.cpp" />
		<Unit filename="../IniFile.hpp" />
		<Unit filename="../Lang.cpp" />
		<Unit filename="../Lang.hpp" />
		<Unit filename="../ScenarioDataStructure.cpp" />
		<Unit filename="../ScenarioDataStructure.hpp" />
		<Unit filename="../Utilities.cpp" />
		<Unit filename="../Utilities.hpp" />
		<Unit filename="../icon.rc">
			<Option compilerVar="WINDRES" />
			<Option target="Windows" />
		</Unit>
		<Unit filename="Network.cpp" />
		<Unit filename="Network.hpp" />
		<Unit filename="ScenarioChoice.cpp" />
		<Unit filename="ScenarioChoice.hpp" />
		<Unit filename="ShipPositions.cpp" />
		<Unit filename="ShipPositions.hpp" />
		<Unit filename="StartupEventReceiver.cpp" />
		<Unit filename="StartupEventReceiver.hpp" />
		<Unit filename="main.cpp" />
		<Extensions>
			<lib_finder disable_auto="1" />
		</Extensions>
	</Project>
</CodeBlocks_project_file>
