<?xml version="1.0" encoding="UTF-8" standalone="yes" ?>
<CodeBlocks_project_file>
	<FileVersion major="1" minor="6" />
	<Project>
		<Option title="editor" />
		<Option pch_mode="2" />
		<Option compiler="gcc" />
		<Build>
			<Target title="Debug">
				<Option output="../editor" prefix_auto="1" extension_auto="1" />
				<Option working_dir=".." />
				<Option type="1" />
				<Option compiler="gcc" />
				<Compiler>
					<Add option="-g" />
				</Compiler>
			</Target>
			<Target title="Release">
				<Option output="../editor" prefix_auto="1" extension_auto="1" />
				<Option working_dir=".." />
				<Option type="1" />
				<Option compiler="gcc" />
			</Target>
		</Build>
		<Compiler>
			<Add option="-Wall" />
			<Add option="-fexceptions" />
			<Add directory="../libs/Irrlicht/irrlicht-1.8.1/include" />
		</Compiler>
		<Linker>
			<Add library="..\libs\Irrlicht\irrlicht-1.8.1\lib\Win32-gcc\libIrrlicht.a" />
			<Add library="ws2_32" />
			<Add library="Winmm" />
			<Add directory="../libs/Irrlicht/irrlicht-1.8.1/include" />
		</Linker>
		<Unit filename="../Constants.hpp" />
		<Unit filename="../IniFile.cpp" />
		<Unit filename="../IniFile.hpp" />
		<Unit filename="../Lang.cpp" />
		<Unit filename="../Lang.hpp" />
		<Unit filename="../Leg.hpp" />
		<Unit filename="../Utilities.cpp" />
		<Unit filename="../Utilities.hpp" />
		<Unit filename="ControllerModel.cpp" />
		<Unit filename="ControllerModel.hpp" />
		<Unit filename="EventReceiver.cpp" />
		<Unit filename="EventReceiver.hpp" />
		<Unit filename="GUI.cpp" />
		<Unit filename="GUI.hpp" />
		<Unit filename="GeneralDataStruct.hpp" />
		<Unit filename="OtherShipDataStruct.hpp" />
		<Unit filename="OwnShipDataStruct.hpp" />
		<Unit filename="PositionDataStruct.hpp" />
		<Unit filename="ShipDataStruct.hpp" />
		<Unit filename="StartupEventReceiver.cpp" />
		<Unit filename="StartupEventReceiver.hpp" />
		<Unit filename="main.cpp" />
		<Extensions>
			<code_completion />
			<envvars />
			<debugger />
		</Extensions>
	</Project>
</CodeBlocks_project_file>
